# THIS IS AN AUTOGENERATED FILE. DO NOT EDIT THIS FILE DIRECTLY.
# yarn lockfile v1


"@babel/parser@^7.16.4":
  version "7.18.0"
  resolved "https://registry.yarnpkg.com/@babel/parser/-/parser-7.18.0.tgz#10a8d4e656bc01128d299a787aa006ce1a91e112"
  integrity sha512-AqDccGC+m5O/iUStSJy3DGRIUFu7WbY/CppZYwrEUB4N0tZlnI8CSTsgL7v5fHVFmUbRv2sd+yy27o8Ydt4MGg==

"@vue/compiler-core@3.2.35":
  version "3.2.35"
  resolved "https://registry.yarnpkg.com/@vue/compiler-core/-/compiler-core-3.2.35.tgz#f2fc01bd25d859a77b0d9ef5df28f657c1979070"
  integrity sha512-1Mtmh8ceVUoUsn/PME5oM+Dus648rCeV/fBaZ4ERLFbTHBJXj6QmDPrSn9mfEyPDXE0RYIwyJNn884NdWK+Yiw==
  dependencies:
    "@babel/parser" "^7.16.4"
    "@vue/shared" "3.2.35"
    estree-walker "^2.0.2"
    source-map "^0.6.1"

"@vue/compiler-dom@3.2.35":
  version "3.2.35"
  resolved "https://registry.yarnpkg.com/@vue/compiler-dom/-/compiler-dom-3.2.35.tgz#11bbcca0d49f9991d64dd8fbf8a0a4453caa571c"
  integrity sha512-I4bXB9MkRSTJ3gVXRQ4iaYJgABZGew+K/CCBoAh9fdLaeY7A7uUlS5nWGOlICSVfOH0/xk4QlcXeGZYCJkEleA==
  dependencies:
    "@vue/compiler-core" "3.2.35"
    "@vue/shared" "3.2.35"

"@vue/compiler-sfc@3.2.35":
  version "3.2.35"
  resolved "https://registry.yarnpkg.com/@vue/compiler-sfc/-/compiler-sfc-3.2.35.tgz#1de80f858b33548bc22d166126234435937ebe0c"
  integrity sha512-2wKQtnuHfwBFc7uV2Cmtms3Cc7u/u6kKJI3F+i0A+9xnuahK39cCMNJKHzI9x93Xai+uft64fDc5JSh8zDQBQA==
  dependencies:
    "@babel/parser" "^7.16.4"
    "@vue/compiler-core" "3.2.35"
    "@vue/compiler-dom" "3.2.35"
    "@vue/compiler-ssr" "3.2.35"
    "@vue/reactivity-transform" "3.2.35"
    "@vue/shared" "3.2.35"
    estree-walker "^2.0.2"
    magic-string "^0.25.7"
    postcss "^8.1.10"
    source-map "^0.6.1"

"@vue/compiler-ssr@3.2.35":
  version "3.2.35"
  resolved "https://registry.yarnpkg.com/@vue/compiler-ssr/-/compiler-ssr-3.2.35.tgz#8d7726f95444c02f3301083e2c6c814780fb7b00"
  integrity sha512-dJyqB8fZbvVQEnWl5VGxkWHTqx0ERnZXXqInFzyOX8FpTEidmQbUSmDrXidea7bZTdeg6ly94kZFGPYXT29mgQ==
  dependencies:
    "@vue/compiler-dom" "3.2.35"
    "@vue/shared" "3.2.35"

"@vue/reactivity-transform@3.2.35":
  version "3.2.35"
  resolved "https://registry.yarnpkg.com/@vue/reactivity-transform/-/reactivity-transform-3.2.35.tgz#29ba344b0ec9ec7ee75ca6c1a6f349595ca150d8"
  integrity sha512-VjdQU4nIrgsh1iPqAdYZufWgFqdH9fIl6ttO2PCFlLsrQl7b8BcuawM6moSBLF8damBzSNcqvbvQDBhsI3fyVQ==
  dependencies:
    "@babel/parser" "^7.16.4"
    "@vue/compiler-core" "3.2.35"
    "@vue/shared" "3.2.35"
    estree-walker "^2.0.2"
    magic-string "^0.25.7"

"@vue/reactivity@3.2.35":
  version "3.2.35"
  resolved "https://registry.yarnpkg.com/@vue/reactivity/-/reactivity-3.2.35.tgz#c66af289f3beda6aba63c264db9c6acd607d1c73"
  integrity sha512-6j9N9R1SwHVcJas4YqAzwdRS/cgmj3Z9aUert5Mv1jk5B9H9ivN/zot/fgMUbseWXigkkmX60OsfRbz49o8kCw==
  dependencies:
    "@vue/shared" "3.2.35"

"@vue/runtime-core@3.2.35":
  version "3.2.35"
  resolved "https://registry.yarnpkg.com/@vue/runtime-core/-/runtime-core-3.2.35.tgz#a87bd5214ff31f9dc6542f5c498d4f3543c6ea8f"
  integrity sha512-P8AeGPRGyIiYdOdvLc/7KR8VSdbUGG8Jxdx6Xlj5okEjyV9IYxeHRIQIoye85K0lZXBH4zuh1syD1mX+oZ0KqQ==
  dependencies:
    "@vue/reactivity" "3.2.35"
    "@vue/shared" "3.2.35"

"@vue/runtime-dom@3.2.35":
  version "3.2.35"
  resolved "https://registry.yarnpkg.com/@vue/runtime-dom/-/runtime-dom-3.2.35.tgz#004bf6109353e75cf22eb11baf247288c216ef7b"
  integrity sha512-M5xrVJ/b0KqssjPQMdpwLp3KwzG1Tn2w/IrOptVqGY5c9fEBluIbm18AeO4Fr3YxfeyaPWm1rY8POrEso0UE3w==
  dependencies:
    "@vue/runtime-core" "3.2.35"
    "@vue/shared" "3.2.35"
    csstype "^2.6.8"

"@vue/server-renderer@3.2.35":
  version "3.2.35"
  resolved "https://registry.yarnpkg.com/@vue/server-renderer/-/server-renderer-3.2.35.tgz#79fb9e2315ec6196b5f2f385ef4ae31cf5599a2f"
  integrity sha512-ZMF8V+bZ0EIjSB7yzPEmDlxRDOIXj04iqG4Rw/H5rIuBCf0b7rNTleiOldlX5haG++zUq6uiL2AVp/A9uyz+cw==
  dependencies:
    "@vue/compiler-ssr" "3.2.35"
    "@vue/shared" "3.2.35"

"@vue/shared@3.2.35":
  version "3.2.35"
  resolved "https://registry.yarnpkg.com/@vue/shared/-/shared-3.2.35.tgz#fb60530fa009dc21473386a7639eed833877cb0f"
  integrity sha512-/sxDqMcy0MsfQ3LQixKYDxIinDYNy1dXTsF2Am0pv0toImWabymFQ8cFmPJnPt+gh5ElKwwn7KzQcDbLHar60A==

csstype@^2.6.8:
  version "2.6.20"
  resolved "https://registry.yarnpkg.com/csstype/-/csstype-2.6.20.tgz#9229c65ea0b260cf4d3d997cb06288e36a8d6dda"
  integrity sha512-/WwNkdXfckNgw6S5R125rrW8ez139lBHWouiBvX8dfMFtcn6V81REDqnH7+CRpRipfYlyU1CmOnOxrmGcFOjeA==

estree-walker@^2.0.2:
  version "2.0.2"
  resolved "https://registry.yarnpkg.com/estree-walker/-/estree-walker-2.0.2.tgz#52f010178c2a4c117a7757cfe942adb7d2da4cac"
  integrity sha512-Rfkk/Mp/DL7JVje3u18FxFujQlTNR2q6QfMSMB7AvCBx91NGj/ba3kCfza0f6dVDbw7YlRf/nDrn7pQrCCyQ/w==

magic-string@^0.25.7:
  version "0.25.9"
  resolved "https://registry.yarnpkg.com/magic-string/-/magic-string-0.25.9.tgz#de7f9faf91ef8a1c91d02c2e5314c8277dbcdd1c"
  integrity sha512-RmF0AsMzgt25qzqqLc1+MbHmhdx0ojF2Fvs4XnOqz2ZOBXzzkEwc/dJQZCYHAn7v1jbVOjAZfK8msRn4BxO4VQ==
  dependencies:
    sourcemap-codec "^1.4.8"

nanoid@^3.3.4:
  version "3.3.4"
  resolved "https://registry.yarnpkg.com/nanoid/-/nanoid-3.3.4.tgz#730b67e3cd09e2deacf03c027c81c9d9dbc5e8ab"
  integrity sha512-MqBkQh/OHTS2egovRtLk45wEyNXwF+cokD+1YPf9u5VfJiRdAiRwB2froX5Co9Rh20xs4siNPm8naNotSD6RBw==

picocolors@^1.0.0:
  version "1.0.0"
  resolved "https://registry.yarnpkg.com/picocolors/-/picocolors-1.0.0.tgz#cb5bdc74ff3f51892236eaf79d68bc44564ab81c"
  integrity sha512-1fygroTLlHu66zi26VoTDv8yRgm0Fccecssto+MhsZ0D/DGW2sm8E8AjW7NU5VVTRt5GxbeZ5qBuJr+HyLYkjQ==

postcss@^8.1.10:
  version "8.4.14"
  resolved "https://registry.yarnpkg.com/postcss/-/postcss-8.4.14.tgz#ee9274d5622b4858c1007a74d76e42e56fd21caf"
  integrity sha512-E398TUmfAYFPBSdzgeieK2Y1+1cpdxJx8yXbK/m57nRhKSmk1GB2tO4lbLBtlkfPQTDKfe4Xqv1ASWPpayPEig==
  dependencies:
    nanoid "^3.3.4"
    picocolors "^1.0.0"
    source-map-js "^1.0.2"

source-map-js@^1.0.2:
  version "1.0.2"
  resolved "https://registry.yarnpkg.com/source-map-js/-/source-map-js-1.0.2.tgz#adbc361d9c62df380125e7f161f71c826f1e490c"
  integrity sha512-R0XvVJ9WusLiqTCEiGCmICCMplcCkIwwR11mOSD9CR5u+IXYdiseeEuXCVAjS54zqwkLcPNnmU4OeJ6tUrWhDw==

source-map@^0.6.1:
  version "0.6.1"
  resolved "https://registry.yarnpkg.com/source-map/-/source-map-0.6.1.tgz#74722af32e9614e9c287a8d0bbde48b5e2f1a263"
  integrity sha512-UjgapumWlbMhkBgzT7Ykc5YXUT46F0iKu8SGXq0bcwP5dz/h0Plj6enJqjz1Zbq2l5WaqYnrVbwWOWMyF3F47g==

sourcemap-codec@^1.4.8:
  version "1.4.8"
  resolved "https://registry.yarnpkg.com/sourcemap-codec/-/sourcemap-codec-1.4.8.tgz#ea804bd94857402e6992d05a38ef1ae35a9ab4c4"
  integrity sha512-9NykojV5Uih4lgo5So5dtw+f0JgJX30KCNI8gwhz2J9A15wD0Ml6tjHKwf6fTSa6fAdVBdZeNOs9eJ71qCk8vA==

vue@^3.2.35:
  version "3.2.35"
  resolved "https://registry.yarnpkg.com/vue/-/vue-3.2.35.tgz#e0a63a8b2fcc0334a936d484d646e31b571e3f80"
  integrity sha512-mc/15B0Wjd/4JMMGOcXUQAeXfjyg8MImA2EVZucNdyDPJe1nXhMNbYXOEVPEGfk/mCeyszCzl44dSAhHhQVH8g==
  dependencies:
    "@vue/compiler-dom" "3.2.35"
    "@vue/compiler-sfc" "3.2.35"
    "@vue/runtime-dom" "3.2.35"
    "@vue/server-renderer" "3.2.35"
    "@vue/shared" "3.2.35"
